
Microsoft Visual Studio Solution File, Format Version 12.00
# Visual Studio Version 17
VisualStudioVersion = 17.2.32602.215
MinimumVisualStudioVersion = 10.0.40219.1
Project("{FAE04EC0-301F-11D3-BF4B-00C04F79EFBC}") = "ToDoApplication", "ToDoApplication\ToDoApplication.csproj", "{1A8D460B-CE9A-4586-8DD4-FF04E93C7BE4}"
EndProject
Global
	GlobalSection(SolutionConfigurationPlatforms) = preSolution
		Debug|Any CPU = Debug|Any CPU
		Release|Any CPU = Release|Any CPU
	EndGlobalSection
	GlobalSection(ProjectConfigurationPlatforms) = postSolution
		{1A8D460B-CE9A-4586-8DD4-FF04E93C7BE4}.Debug|Any CPU.ActiveCfg = Debug|Any CPU
		{1A8D460B-CE9A-4586-8DD4-FF04E93C7BE4}.Debug|Any CPU.Build.0 = Debug|Any CPU
		{1A8D460B-CE9A-4586-8DD4-FF04E93C7BE4}.Release|Any CPU.ActiveCfg = Release|Any CPU
		{1A8D460B-CE9A-4586-8DD4-FF04E93C7BE4}.Release|Any CPU.Build.0 = Release|Any CPU
	EndGlobalSection
	GlobalSection(SolutionProperties) = preSolution
		HideSolutionNode = FALSE
	EndGlobalSection
	GlobalSection(ExtensibilityGlobals) = postSolution
		SolutionGuid = {60302712-6B49-4885-A25E-BBB1E658D85E}
	EndGlobalSection
EndGlobal
